
Microsoft Visual Studio Solution File, Format Version 12.00
# Visual Studio Version 17
VisualStudioVersion = 17.2.32505.173
MinimumVisualStudioVersion = 10.0.40219.1
Project("{FAE04EC0-301F-11D3-BF4B-00C04F79EFBC}") = "Hunting_the_Maticore", "Hunting_the_Maticore\Hunting_the_Maticore.csproj", "{526A8277-5680-46DD-9A12-2A5722248081}"
EndProject
Global
	GlobalSection(SolutionConfigurationPlatforms) = preSolution
		Debug|Any CPU = Debug|Any CPU
		Release|Any CPU = Release|Any CPU
	EndGlobalSection
	GlobalSection(ProjectConfigurationPlatforms) = postSolution
		{526A8277-5680-46DD-9A12-2A5722248081}.Debug|Any CPU.ActiveCfg = Debug|Any CPU
		{526A8277-5680-46DD-9A12-2A5722248081}.Debug|Any CPU.Build.0 = Debug|Any CPU
		{526A8277-5680-46DD-9A12-2A5722248081}.Release|Any CPU.ActiveCfg = Release|Any CPU
		{526A8277-5680-46DD-9A12-2A5722248081}.Release|Any CPU.Build.0 = Release|Any CPU
	EndGlobalSection
	GlobalSection(SolutionProperties) = preSolution
		HideSolutionNode = FALSE
	EndGlobalSection
	GlobalSection(ExtensibilityGlobals) = postSolution
		SolutionGuid = {66061B60-B624-48EE-8CB5-3AF05DCE3B7E}
	EndGlobalSection
EndGlobal
